github.com/agungdhewe/dwlog v1.2.3 h1:D6BhhH4YexfjPe9ULDoSh4aMSzXdGOVG95mNlRhFBzg=
github.com/agungdhewe/dwlog v1.2.3/go.mod h1:MDbg+nx7DjBk8Hod+dVHdxVgFig8WsUo2fovLL6Tj5I=
github.com/agungdhewe/dwpath v1.1.1 h1:+yXptVyfoV/AwbeHE3PC3lTw8JNxRO5OZ9IZmNqZk7A=
github.com/agungdhewe/dwpath v1.1.1/go.mod h1:588x6doLfhBTv9iohuenVaHKpVDQtDvzH4Iku9uSDNE=
